
Microsoft Visual Studio Solution File, Format Version 12.00
# Visual Studio Version 17
VisualStudioVersion = 17.8.34330.188
MinimumVisualStudioVersion = 10.0.40219.1
Project("{FAE04EC0-301F-11D3-BF4B-00C04F79EFBC}") = "ShoppersChoiceSevice", "ShoppersChoiceSevice\ShoppersChoiceSevice.csproj", "{EB265854-9951-48ED-A425-C653E99336A3}"
EndProject
Project("{FAE04EC0-301F-11D3-BF4B-00C04F79EFBC}") = "ShoppersChoice.DataAccess", "ShoppersChoice.DataAccess\ShoppersChoice.DataAccess.csproj", "{384ABA05-8D28-41B6-B652-23DEDB902237}"
EndProject
Project("{FAE04EC0-301F-11D3-BF4B-00C04F79EFBC}") = "ShoppersChoice.Entities", "ShoppersChoice.Entities\ShoppersChoice.Entities.csproj", "{9A6FE20B-7679-4234-AF4D-0F9B2D4E68D1}"
EndProject
Global
	GlobalSection(SolutionConfigurationPlatforms) = preSolution
		Debug|Any CPU = Debug|Any CPU
		Release|Any CPU = Release|Any CPU
	EndGlobalSection
	GlobalSection(ProjectConfigurationPlatforms) = postSolution
		{EB265854-9951-48ED-A425-C653E99336A3}.Debug|Any CPU.ActiveCfg = Debug|Any CPU
		{EB265854-9951-48ED-A425-C653E99336A3}.Debug|Any CPU.Build.0 = Debug|Any CPU
		{EB265854-9951-48ED-A425-C653E99336A3}.Release|Any CPU.ActiveCfg = Release|Any CPU
		{EB265854-9951-48ED-A425-C653E99336A3}.Release|Any CPU.Build.0 = Release|Any CPU
		{384ABA05-8D28-41B6-B652-23DEDB902237}.Debug|Any CPU.ActiveCfg = Debug|Any CPU
		{384ABA05-8D28-41B6-B652-23DEDB902237}.Debug|Any CPU.Build.0 = Debug|Any CPU
		{384ABA05-8D28-41B6-B652-23DEDB902237}.Release|Any CPU.ActiveCfg = Release|Any CPU
		{384ABA05-8D28-41B6-B652-23DEDB902237}.Release|Any CPU.Build.0 = Release|Any CPU
		{9A6FE20B-7679-4234-AF4D-0F9B2D4E68D1}.Debug|Any CPU.ActiveCfg = Debug|Any CPU
		{9A6FE20B-7679-4234-AF4D-0F9B2D4E68D1}.Debug|Any CPU.Build.0 = Debug|Any CPU
		{9A6FE20B-7679-4234-AF4D-0F9B2D4E68D1}.Release|Any CPU.ActiveCfg = Release|Any CPU
		{9A6FE20B-7679-4234-AF4D-0F9B2D4E68D1}.Release|Any CPU.Build.0 = Release|Any CPU
	EndGlobalSection
	GlobalSection(SolutionProperties) = preSolution
		HideSolutionNode = FALSE
	EndGlobalSection
	GlobalSection(ExtensibilityGlobals) = postSolution
		SolutionGuid = {659DDD4C-9BB2-4C5F-A291-EA26CA5A1983}
	EndGlobalSection
EndGlobal
